
Microsoft Visual Studio Solution File, Format Version 12.00
# Visual Studio Version 17
VisualStudioVersion = 17.5.33502.453
MinimumVisualStudioVersion = 10.0.40219.1
Project("{FAE04EC0-301F-11D3-BF4B-00C04F79EFBC}") = "Artsofte", "Artsofte\Artsofte.csproj", "{50BB24A2-C53B-40AF-B34F-DC7D71DC7C95}"
EndProject
Global
	GlobalSection(SolutionConfigurationPlatforms) = preSolution
		Debug|Any CPU = Debug|Any CPU
		Release|Any CPU = Release|Any CPU
	EndGlobalSection
	GlobalSection(ProjectConfigurationPlatforms) = postSolution
		{50BB24A2-C53B-40AF-B34F-DC7D71DC7C95}.Debug|Any CPU.ActiveCfg = Debug|Any CPU
		{50BB24A2-C53B-40AF-B34F-DC7D71DC7C95}.Debug|Any CPU.Build.0 = Debug|Any CPU
		{50BB24A2-C53B-40AF-B34F-DC7D71DC7C95}.Release|Any CPU.ActiveCfg = Release|Any CPU
		{50BB24A2-C53B-40AF-B34F-DC7D71DC7C95}.Release|Any CPU.Build.0 = Release|Any CPU
	EndGlobalSection
	GlobalSection(SolutionProperties) = preSolution
		HideSolutionNode = FALSE
	EndGlobalSection
	GlobalSection(ExtensibilityGlobals) = postSolution
		SolutionGuid = {991AB269-816C-4AB2-A505-70DDD4AAAA13}
	EndGlobalSection
EndGlobal
